hash: eb7e0d3e6ff26c90915cf1fe8a9158ae497175d165ecdddde24f5b1b27f6a2d2
updated: 2018-11-21T16:22:18.349661+08:00
imports:
- name: git.apache.org/thrift.git
  version: 327ebb6c2b6df8bf075da02ef45a2a034e9b79ba
  subpackages:
  - lib/go/thrift
- name: github.com/BurntSushi/toml
  version: 3012a1dbe2e4bd1391d42b32f0577cb7bbc7f005
- name: github.com/codegangsta/inject
  version: 33e0aa1cb7c019ccc3fbe049a8262a6403d30504
- name: github.com/codegangsta/martini
  version: 49411a5b646861ad29a6ddd5351717a0a9c49b94
- name: github.com/garyburd/redigo
  version: 569eae59ada904ea8db7a225c2b47165af08735a
  subpackages:
  - internal
  - redis
- name: github.com/go-sql-driver/mysql
  version: 361f66ef3b53de1f16b7f2af9ef38a6c159ceb3e
- name: github.com/henosteven/heigo
  version: dfbbae44b99ff3ea6d493af9e557cc6cecd2c9d4
  subpackages:
  - config
  - heiThrift
  - httpservice
  - model
  - thriftservice
- name: golang.org/x/net
  version: 04a2e542c03f1d053ab3e4d6e5abcd4b66e2be8e
  subpackages:
  - context
- name: google.golang.org/appengine
  version: ae0ab99deb4dc413a2b4bd6c8bdd0eb67f1e4d06
  subpackages:
  - cloudsql
testImports: []
